
Microsoft Visual Studio Solution File, Format Version 12.00
# Visual Studio Version 17
VisualStudioVersion = 17.11.35303.130
MinimumVisualStudioVersion = 10.0.40219.1
Project("{FAE04EC0-301F-11D3-BF4B-00C04F79EFBC}") = "LiveCaptionsTranslator", "LiveCaptionsTranslator.csproj", "{CD3BA96F-150E-4413-80D8-DE357DB7A937}"
EndProject
Global
	GlobalSection(SolutionConfigurationPlatforms) = preSolution
		Debug|Any CPU = Debug|Any CPU
		Debug|ARM64 = Debug|ARM64		
		Release|Any CPU = Release|Any CPU
		Release|ARM64 = Release|ARM64		
	EndGlobalSection
	GlobalSection(ProjectConfigurationPlatforms) = postSolution
		{CD3BA96F-150E-4413-80D8-DE357DB7A937}.Debug|Any CPU.ActiveCfg = Debug|Any CPU
		{CD3BA96F-150E-4413-80D8-DE357DB7A937}.Debug|Any CPU.Build.0 = Debug|Any CPU
		{CD3BA96F-150E-4413-80D8-DE357DB7A937}.Debug|ARM64.ActiveCfg = Debug|ARM64
		{CD3BA96F-150E-4413-80D8-DE357DB7A937}.Debug|ARM64.Build.0 = Debug|ARM64
		{CD3BA96F-150E-4413-80D8-DE357DB7A937}.Release|Any CPU.ActiveCfg = Release|Any CPU
		{CD3BA96F-150E-4413-80D8-DE357DB7A937}.Release|Any CPU.Build.0 = Release|Any CPU
		{CD3BA96F-150E-4413-80D8-DE357DB7A937}.Release|ARM64.ActiveCfg = Release|ARM64
		{CD3BA96F-150E-4413-80D8-DE357DB7A937}.Release|ARM64.Build.0 = Release|ARM64
	EndGlobalSection
	GlobalSection(SolutionProperties) = preSolution
		HideSolutionNode = FALSE
	EndGlobalSection
	GlobalSection(ExtensibilityGlobals) = postSolution
		SolutionGuid = {FE9574A4-3232-4D83-81BF-DB03B3CB4A3E}
	EndGlobalSection
EndGlobal
